
Microsoft Visual Studio Solution File, Format Version 12.00
# Visual Studio 15
VisualStudioVersion = 15.0.28307.438
MinimumVisualStudioVersion = 10.0.40219.1
Project("{FAE04EC0-301F-11D3-BF4B-00C04F79EFBC}") = "Recipe_Book_form", "Recipe_Book_form\Recipe_Book_form.csproj", "{D2D6C2EF-DE31-4965-90D2-790B0751C390}"
EndProject
Global
	GlobalSection(SolutionConfigurationPlatforms) = preSolution
		Debug|Any CPU = Debug|Any CPU
		Release|Any CPU = Release|Any CPU
	EndGlobalSection
	GlobalSection(ProjectConfigurationPlatforms) = postSolution
		{D2D6C2EF-DE31-4965-90D2-790B0751C390}.Debug|Any CPU.ActiveCfg = Debug|Any CPU
		{D2D6C2EF-DE31-4965-90D2-790B0751C390}.Debug|Any CPU.Build.0 = Debug|Any CPU
		{D2D6C2EF-DE31-4965-90D2-790B0751C390}.Release|Any CPU.ActiveCfg = Release|Any CPU
		{D2D6C2EF-DE31-4965-90D2-790B0751C390}.Release|Any CPU.Build.0 = Release|Any CPU
	EndGlobalSection
	GlobalSection(SolutionProperties) = preSolution
		HideSolutionNode = FALSE
	EndGlobalSection
	GlobalSection(ExtensibilityGlobals) = postSolution
		SolutionGuid = {6AAD8944-E95D-4E78-ADE5-170D47D70671}
	EndGlobalSection
EndGlobal
